
Microsoft Visual Studio Solution File, Format Version 12.00
# Visual Studio Version 17
VisualStudioVersion = 17.7.34003.232
MinimumVisualStudioVersion = 10.0.40219.1
Project("{9092AA53-FB77-4645-B42D-1CCCA6BD08BD}") = "LectureExperimentation", "LectureExperimentation\LectureExperimentation.njsproj", "{CA865DAE-8C35-4CA3-B8E5-F15F346F0B83}"
EndProject
Global
	GlobalSection(SolutionConfigurationPlatforms) = preSolution
		Debug|Any CPU = Debug|Any CPU
		Release|Any CPU = Release|Any CPU
	EndGlobalSection
	GlobalSection(ProjectConfigurationPlatforms) = postSolution
		{CA865DAE-8C35-4CA3-B8E5-F15F346F0B83}.Debug|Any CPU.ActiveCfg = Debug|Any CPU
		{CA865DAE-8C35-4CA3-B8E5-F15F346F0B83}.Debug|Any CPU.Build.0 = Debug|Any CPU
		{CA865DAE-8C35-4CA3-B8E5-F15F346F0B83}.Release|Any CPU.ActiveCfg = Release|Any CPU
		{CA865DAE-8C35-4CA3-B8E5-F15F346F0B83}.Release|Any CPU.Build.0 = Release|Any CPU
	EndGlobalSection
	GlobalSection(SolutionProperties) = preSolution
		HideSolutionNode = FALSE
	EndGlobalSection
	GlobalSection(ExtensibilityGlobals) = postSolution
		SolutionGuid = {378FAED5-5E28-4A69-AAEB-91D2FDF03534}
	EndGlobalSection
EndGlobal
